
Microsoft Visual Studio Solution File, Format Version 12.00
# Visual Studio Version 17
VisualStudioVersion = 17.1.32421.90
MinimumVisualStudioVersion = 10.0.40219.1
Project("{FAE04EC0-301F-11D3-BF4B-00C04F79EFBC}") = "TDREI", "TDREI\TDREI.csproj", "{40DCFFF1-E8EF-49E3-BF03-FD07EDB7131D}"
EndProject
Global
	GlobalSection(SolutionConfigurationPlatforms) = preSolution
		Debug|Any CPU = Debug|Any CPU
		Release|Any CPU = Release|Any CPU
	EndGlobalSection
	GlobalSection(ProjectConfigurationPlatforms) = postSolution
		{40DCFFF1-E8EF-49E3-BF03-FD07EDB7131D}.Debug|Any CPU.ActiveCfg = Debug|Any CPU
		{40DCFFF1-E8EF-49E3-BF03-FD07EDB7131D}.Debug|Any CPU.Build.0 = Debug|Any CPU
		{40DCFFF1-E8EF-49E3-BF03-FD07EDB7131D}.Release|Any CPU.ActiveCfg = Release|Any CPU
		{40DCFFF1-E8EF-49E3-BF03-FD07EDB7131D}.Release|Any CPU.Build.0 = Release|Any CPU
	EndGlobalSection
	GlobalSection(SolutionProperties) = preSolution
		HideSolutionNode = FALSE
	EndGlobalSection
	GlobalSection(ExtensibilityGlobals) = postSolution
		SolutionGuid = {3952E698-D618-423B-BCED-A96F83A26ED0}
	EndGlobalSection
EndGlobal
