
Microsoft Visual Studio Solution File, Format Version 12.00
# Visual Studio Version 17
VisualStudioVersion = 17.1.32421.90
MinimumVisualStudioVersion = 10.0.40219.1
Project("{FAE04EC0-301F-11D3-BF4B-00C04F79EFBC}") = "Envelopes", "Envelopes\Envelopes.csproj", "{700DE70D-6515-4724-B714-2C154F4C4B3A}"
EndProject
Global
	GlobalSection(SolutionConfigurationPlatforms) = preSolution
		Debug|Any CPU = Debug|Any CPU
		Release|Any CPU = Release|Any CPU
	EndGlobalSection
	GlobalSection(ProjectConfigurationPlatforms) = postSolution
		{700DE70D-6515-4724-B714-2C154F4C4B3A}.Debug|Any CPU.ActiveCfg = Debug|Any CPU
		{700DE70D-6515-4724-B714-2C154F4C4B3A}.Debug|Any CPU.Build.0 = Debug|Any CPU
		{700DE70D-6515-4724-B714-2C154F4C4B3A}.Release|Any CPU.ActiveCfg = Release|Any CPU
		{700DE70D-6515-4724-B714-2C154F4C4B3A}.Release|Any CPU.Build.0 = Release|Any CPU
	EndGlobalSection
	GlobalSection(SolutionProperties) = preSolution
		HideSolutionNode = FALSE
	EndGlobalSection
	GlobalSection(ExtensibilityGlobals) = postSolution
		SolutionGuid = {AB9AA5CD-11AF-4B61-BF0F-F615A6BB2555}
	EndGlobalSection
EndGlobal
