
Microsoft Visual Studio Solution File, Format Version 12.00
# Visual Studio Version 17
VisualStudioVersion = 17.1.32421.90
MinimumVisualStudioVersion = 10.0.40219.1
Project("{FAE04EC0-301F-11D3-BF4B-00C04F79EFBC}") = "ADX", "ADX\ADX.csproj", "{784CBC4F-F1AC-4E3D-A7D8-4775A5809595}"
EndProject
Global
	GlobalSection(SolutionConfigurationPlatforms) = preSolution
		Debug|Any CPU = Debug|Any CPU
		Release|Any CPU = Release|Any CPU
	EndGlobalSection
	GlobalSection(ProjectConfigurationPlatforms) = postSolution
		{784CBC4F-F1AC-4E3D-A7D8-4775A5809595}.Debug|Any CPU.ActiveCfg = Debug|Any CPU
		{784CBC4F-F1AC-4E3D-A7D8-4775A5809595}.Debug|Any CPU.Build.0 = Debug|Any CPU
		{784CBC4F-F1AC-4E3D-A7D8-4775A5809595}.Release|Any CPU.ActiveCfg = Release|Any CPU
		{784CBC4F-F1AC-4E3D-A7D8-4775A5809595}.Release|Any CPU.Build.0 = Release|Any CPU
	EndGlobalSection
	GlobalSection(SolutionProperties) = preSolution
		HideSolutionNode = FALSE
	EndGlobalSection
	GlobalSection(ExtensibilityGlobals) = postSolution
		SolutionGuid = {D15D7247-D5E2-4BEF-A867-E6594A29468E}
	EndGlobalSection
EndGlobal
