
Microsoft Visual Studio Solution File, Format Version 12.00
# Visual Studio Version 17
VisualStudioVersion = 17.1.32421.90
MinimumVisualStudioVersion = 10.0.40219.1
Project("{FAE04EC0-301F-11D3-BF4B-00C04F79EFBC}") = "Stochastic", "Stochastic\Stochastic.csproj", "{338A3097-DD62-4EC4-9D51-262F597BC1B6}"
EndProject
Global
	GlobalSection(SolutionConfigurationPlatforms) = preSolution
		Debug|Any CPU = Debug|Any CPU
		Release|Any CPU = Release|Any CPU
	EndGlobalSection
	GlobalSection(ProjectConfigurationPlatforms) = postSolution
		{338A3097-DD62-4EC4-9D51-262F597BC1B6}.Debug|Any CPU.ActiveCfg = Debug|Any CPU
		{338A3097-DD62-4EC4-9D51-262F597BC1B6}.Debug|Any CPU.Build.0 = Debug|Any CPU
		{338A3097-DD62-4EC4-9D51-262F597BC1B6}.Release|Any CPU.ActiveCfg = Release|Any CPU
		{338A3097-DD62-4EC4-9D51-262F597BC1B6}.Release|Any CPU.Build.0 = Release|Any CPU
	EndGlobalSection
	GlobalSection(SolutionProperties) = preSolution
		HideSolutionNode = FALSE
	EndGlobalSection
	GlobalSection(ExtensibilityGlobals) = postSolution
		SolutionGuid = {4950DB00-B24C-4C7D-8447-FE8D55D8251A}
	EndGlobalSection
EndGlobal
