
Microsoft Visual Studio Solution File, Format Version 12.00
# Visual Studio Version 17
VisualStudioVersion = 17.3.32929.385
MinimumVisualStudioVersion = 10.0.40219.1
Project("{FAE04EC0-301F-11D3-BF4B-00C04F79EFBC}") = "MACD_New", "MACD_New\MACD_New.csproj", "{64C019F1-1AF1-499A-A53C-3D8DF49DEB1E}"
EndProject
Global
	GlobalSection(SolutionConfigurationPlatforms) = preSolution
		Debug|Any CPU = Debug|Any CPU
		Release|Any CPU = Release|Any CPU
	EndGlobalSection
	GlobalSection(ProjectConfigurationPlatforms) = postSolution
		{64C019F1-1AF1-499A-A53C-3D8DF49DEB1E}.Debug|Any CPU.ActiveCfg = Debug|Any CPU
		{64C019F1-1AF1-499A-A53C-3D8DF49DEB1E}.Debug|Any CPU.Build.0 = Debug|Any CPU
		{64C019F1-1AF1-499A-A53C-3D8DF49DEB1E}.Release|Any CPU.ActiveCfg = Release|Any CPU
		{64C019F1-1AF1-499A-A53C-3D8DF49DEB1E}.Release|Any CPU.Build.0 = Release|Any CPU
	EndGlobalSection
	GlobalSection(SolutionProperties) = preSolution
		HideSolutionNode = FALSE
	EndGlobalSection
	GlobalSection(ExtensibilityGlobals) = postSolution
		SolutionGuid = {C0A4A0BC-DAEC-4EDA-8CD7-C8A6B2A51680}
	EndGlobalSection
EndGlobal
