
Microsoft Visual Studio Solution File, Format Version 12.00
# Visual Studio Version 17
VisualStudioVersion = 17.1.32421.90
MinimumVisualStudioVersion = 10.0.40219.1
Project("{FAE04EC0-301F-11D3-BF4B-00C04F79EFBC}") = "TDI", "TDI\TDI.csproj", "{BAD8AEE0-F127-49D8-B132-BFB0986F03CA}"
EndProject
Global
	GlobalSection(SolutionConfigurationPlatforms) = preSolution
		Debug|Any CPU = Debug|Any CPU
		Release|Any CPU = Release|Any CPU
	EndGlobalSection
	GlobalSection(ProjectConfigurationPlatforms) = postSolution
		{BAD8AEE0-F127-49D8-B132-BFB0986F03CA}.Debug|Any CPU.ActiveCfg = Debug|Any CPU
		{BAD8AEE0-F127-49D8-B132-BFB0986F03CA}.Debug|Any CPU.Build.0 = Debug|Any CPU
		{BAD8AEE0-F127-49D8-B132-BFB0986F03CA}.Release|Any CPU.ActiveCfg = Release|Any CPU
		{BAD8AEE0-F127-49D8-B132-BFB0986F03CA}.Release|Any CPU.Build.0 = Release|Any CPU
	EndGlobalSection
	GlobalSection(SolutionProperties) = preSolution
		HideSolutionNode = FALSE
	EndGlobalSection
	GlobalSection(ExtensibilityGlobals) = postSolution
		SolutionGuid = {48AA4563-06A5-4799-A528-D6FED039228E}
	EndGlobalSection
EndGlobal
