
Microsoft Visual Studio Solution File, Format Version 12.00
# Visual Studio Version 17
VisualStudioVersion = 17.1.32421.90
MinimumVisualStudioVersion = 10.0.40219.1
Project("{FAE04EC0-301F-11D3-BF4B-00C04F79EFBC}") = "FTLM-STLM", "FTLM-STLM\FTLM-STLM.csproj", "{BF8EE588-171B-469A-9BF1-4EE34BFEEE6C}"
EndProject
Global
	GlobalSection(SolutionConfigurationPlatforms) = preSolution
		Debug|Any CPU = Debug|Any CPU
		Release|Any CPU = Release|Any CPU
	EndGlobalSection
	GlobalSection(ProjectConfigurationPlatforms) = postSolution
		{BF8EE588-171B-469A-9BF1-4EE34BFEEE6C}.Debug|Any CPU.ActiveCfg = Debug|Any CPU
		{BF8EE588-171B-469A-9BF1-4EE34BFEEE6C}.Debug|Any CPU.Build.0 = Debug|Any CPU
		{BF8EE588-171B-469A-9BF1-4EE34BFEEE6C}.Release|Any CPU.ActiveCfg = Release|Any CPU
		{BF8EE588-171B-469A-9BF1-4EE34BFEEE6C}.Release|Any CPU.Build.0 = Release|Any CPU
	EndGlobalSection
	GlobalSection(SolutionProperties) = preSolution
		HideSolutionNode = FALSE
	EndGlobalSection
	GlobalSection(ExtensibilityGlobals) = postSolution
		SolutionGuid = {FB9E89F7-FCCF-4348-8B95-AF6AA590C765}
	EndGlobalSection
EndGlobal
