
Microsoft Visual Studio Solution File, Format Version 12.00
# Visual Studio Version 17
VisualStudioVersion = 17.1.32421.90
MinimumVisualStudioVersion = 10.0.40219.1
Project("{FAE04EC0-301F-11D3-BF4B-00C04F79EFBC}") = "SupportResistance", "SupportResistance\SupportResistance.csproj", "{8680E55B-324A-48BF-97A9-855D733D0D4F}"
EndProject
Global
	GlobalSection(SolutionConfigurationPlatforms) = preSolution
		Debug|Any CPU = Debug|Any CPU
		Release|Any CPU = Release|Any CPU
	EndGlobalSection
	GlobalSection(ProjectConfigurationPlatforms) = postSolution
		{8680E55B-324A-48BF-97A9-855D733D0D4F}.Debug|Any CPU.ActiveCfg = Debug|Any CPU
		{8680E55B-324A-48BF-97A9-855D733D0D4F}.Debug|Any CPU.Build.0 = Debug|Any CPU
		{8680E55B-324A-48BF-97A9-855D733D0D4F}.Release|Any CPU.ActiveCfg = Release|Any CPU
		{8680E55B-324A-48BF-97A9-855D733D0D4F}.Release|Any CPU.Build.0 = Release|Any CPU
	EndGlobalSection
	GlobalSection(SolutionProperties) = preSolution
		HideSolutionNode = FALSE
	EndGlobalSection
	GlobalSection(ExtensibilityGlobals) = postSolution
		SolutionGuid = {A2E97B50-30C4-43E5-899A-428A14B1DF82}
	EndGlobalSection
EndGlobal
